
Microsoft Visual Studio Solution File, Format Version 12.00
# Visual Studio Version 17
VisualStudioVersion = 17.2.32616.157
MinimumVisualStudioVersion = 10.0.40219.1
Project("{FAE04EC0-301F-11D3-BF4B-00C04F79EFBC}") = "DemoStore_APITesting", "DemoStore_APITesting\DemoStore_APITesting.csproj", "{3C251770-C537-493B-AEBC-D69403323A27}"
EndProject
Global
	GlobalSection(SolutionConfigurationPlatforms) = preSolution
		Debug|Any CPU = Debug|Any CPU
		Release|Any CPU = Release|Any CPU
	EndGlobalSection
	GlobalSection(ProjectConfigurationPlatforms) = postSolution
		{3C251770-C537-493B-AEBC-D69403323A27}.Debug|Any CPU.ActiveCfg = Debug|Any CPU
		{3C251770-C537-493B-AEBC-D69403323A27}.Debug|Any CPU.Build.0 = Debug|Any CPU
		{3C251770-C537-493B-AEBC-D69403323A27}.Release|Any CPU.ActiveCfg = Release|Any CPU
		{3C251770-C537-493B-AEBC-D69403323A27}.Release|Any CPU.Build.0 = Release|Any CPU
	EndGlobalSection
	GlobalSection(SolutionProperties) = preSolution
		HideSolutionNode = FALSE
	EndGlobalSection
	GlobalSection(ExtensibilityGlobals) = postSolution
		SolutionGuid = {779740A9-382D-42BC-B343-79AF9E095227}
	EndGlobalSection
EndGlobal
